{
  "name": "nexus-patho-to-fhir",
  "version": "1.0.0",
  "lockfileVersion": 3,
  "requires": true,
  "packages": {
    "": {
      "name": "nexus-patho-to-fhir",
      "version": "1.0.0",
      "license": "AGPL3",
      "dependencies": {
        "de.basisprofil.r4": "1.5.1",
        "de.gematik.isik-basismodul": "4.0.0",
        "de.medizininformatikinitiative.kerndatensatz.biobank": "2025.0.4",
        "de.medizininformatikinitiative.kerndatensatz.diagnose": "2025.0.0",
        "de.medizininformatikinitiative.kerndatensatz.meta": "2025.0.0",
        "de.medizininformatikinitiative.kerndatensatz.patho": "2025.0.2",
        "hl7.fhir.r4.core": "4.0.1",
        "hl7.fhir.us.core": "4.0.0",
        "hl7.fhir.us.mcode": "2.1.0",
        "hl7.fhir.uv.bulkdata": "1.0.1",
        "hl7.terminology.r4": "5.0.0",
        "us.nlm.vsac": "0.3.0"
      }
    },
    "node_modules/de.basisprofil.r4": {
      "version": "1.5.1",
      "resolved": "https://packages.simplifier.net/de.basisprofil.r4/1.5.1",
      "integrity": "sha1-8LTSWvl/dR6EBhXpWHsihrWox1M="
    },
    "node_modules/de.gematik.isik-basismodul": {
      "version": "4.0.0",
      "resolved": "https://packages.simplifier.net/de.gematik.isik-basismodul/4.0.0",
      "integrity": "sha1-OPRFSkYewPAnc8gL9uQMXTJwyGY="
    },
    "node_modules/de.medizininformatikinitiative.kerndatensatz.biobank": {
      "version": "2025.0.4",
      "resolved": "https://packages.simplifier.net/de.medizininformatikinitiative.kerndatensatz.biobank/2025.0.4",
      "integrity": "sha1-xOovGzmPccL5/4JLbHcxhzpDDWk="
    },
    "node_modules/de.medizininformatikinitiative.kerndatensatz.diagnose": {
      "version": "2025.0.0",
      "resolved": "https://packages.simplifier.net/de.medizininformatikinitiative.kerndatensatz.diagnose/2025.0.0",
      "integrity": "sha1-IbIJVGhDjsSGq/tGpSi7bRl2Q6w="
    },
    "node_modules/de.medizininformatikinitiative.kerndatensatz.meta": {
      "version": "2025.0.0",
      "resolved": "https://packages.simplifier.net/de.medizininformatikinitiative.kerndatensatz.meta/2025.0.0",
      "integrity": "sha1-r8cQvx5GW7i2RF65BR6K3+iuT04="
    },
    "node_modules/de.medizininformatikinitiative.kerndatensatz.patho": {
      "version": "2025.0.2",
      "resolved": "https://packages.simplifier.net/de.medizininformatikinitiative.kerndatensatz.patho/2025.0.2",
      "integrity": "sha1-C1URYlOZtr77r/LjlQhkMO0OPkg="
    },
    "node_modules/hl7.fhir.r4.core": {
      "version": "4.0.1",
      "resolved": "https://packages.simplifier.net/hl7.fhir.r4.core/4.0.1",
      "integrity": "sha1-DkuNmfeRhYdVdoLItH32BUJFR6U="
    },
    "node_modules/hl7.fhir.us.core": {
      "version": "4.0.0",
      "resolved": "https://packages.simplifier.net/hl7.fhir.us.core/4.0.0",
      "integrity": "sha1-HrvdO/MWB72hukiWarov+YPgchU="
    },
    "node_modules/hl7.fhir.us.mcode": {
      "version": "2.1.0",
      "resolved": "https://packages.simplifier.net/hl7.fhir.us.mcode/2.1.0",
      "integrity": "sha1-LSfFYPhwGnho93NYqLbRZGrNZMU="
    },
    "node_modules/hl7.fhir.uv.bulkdata": {
      "version": "1.0.1",
      "resolved": "https://packages.simplifier.net/hl7.fhir.uv.bulkdata/1.0.1"
    },
    "node_modules/hl7.terminology.r4": {
      "version": "5.0.0",
      "resolved": "https://packages.simplifier.net/hl7.terminology.r4/5.0.0",
      "integrity": "sha1-RMsGANlIPTokEaAnOe3P286OksE="
    },
    "node_modules/us.nlm.vsac": {
      "version": "0.3.0",
      "resolved": "https://packages.simplifier.net/us.nlm.vsac/0.3.0",
      "integrity": "sha1-advHnLQ/QfSk+6tUcukuKcAyORA="
    }
  }
}
