{
  "name": "nexus-patho-to-fhir",
  "version": "1.0.0",
  "lockfileVersion": 3,
  "requires": true,
  "packages": {
    "": {
      "name": "nexus-patho-to-fhir",
      "version": "1.0.0",
      "license": "AGPL3",
      "dependencies": {
        "de.basisprofil.r4": "1.4.0",
        "de.gematik.isik-basismodul": "2.0.5",
        "de.medizininformatikinitiative.kerndatensatz.biobank": "1.0.8",
        "de.medizininformatikinitiative.kerndatensatz.diagnose": "2.0.0-alpha3",
        "de.medizininformatikinitiative.kerndatensatz.meta": "1.0.3",
        "de.medizininformatikinitiative.kerndatensatz.patho": "1.0.0",
        "hl7.fhir.us.core": "4.0.0",
        "hl7.fhir.us.mcode": "2.1.0",
        "hl7.fhir.uv.bulkdata": "1.0.1",
        "hl7.terminology.r4": "5.0.0",
        "us.nlm.vsac": "0.3.0"
      }
    },
    "node_modules/de.basisprofil.r4": {
      "version": "1.4.0",
      "resolved": "https://packages.simplifier.net/de.basisprofil.r4/1.4.0",
      "integrity": "sha1-IZ1yyGg9VfHvK0/NVo58eY2pHoQ="
    },
    "node_modules/de.gematik.isik-basismodul": {
      "version": "2.0.5",
      "resolved": "https://packages.simplifier.net/de.gematik.isik-basismodul/2.0.5",
      "integrity": "sha1-wAH1gCSGuHJJ7H9iFRoQD6CTOJA="
    },
    "node_modules/de.medizininformatikinitiative.kerndatensatz.biobank": {
      "version": "1.0.8",
      "resolved": "https://packages.simplifier.net/de.medizininformatikinitiative.kerndatensatz.biobank/1.0.8",
      "integrity": "sha1-OnTeyKJG2GdcAZbJfbwRDsL3nJI="
    },
    "node_modules/de.medizininformatikinitiative.kerndatensatz.diagnose": {
      "version": "2.0.0-alpha3",
      "resolved": "https://packages.simplifier.net/de.medizininformatikinitiative.kerndatensatz.diagnose/2.0.0-alpha3",
      "integrity": "sha1-5Dl0Igqm51oQHiLEmdOTVtoIKns="
    },
    "node_modules/de.medizininformatikinitiative.kerndatensatz.meta": {
      "version": "1.0.3",
      "resolved": "https://packages.simplifier.net/de.medizininformatikinitiative.kerndatensatz.meta/1.0.3"
    },
    "node_modules/de.medizininformatikinitiative.kerndatensatz.patho": {
      "version": "1.0.0",
      "resolved": "https://packages.simplifier.net/de.medizininformatikinitiative.kerndatensatz.patho/1.0.0",
      "integrity": "sha1-vqKnXNq5vc4VPR/27x44SMDts7k="
    },
    "node_modules/hl7.fhir.us.core": {
      "version": "4.0.0",
      "resolved": "https://packages.simplifier.net/hl7.fhir.us.core/4.0.0",
      "integrity": "sha1-HrvdO/MWB72hukiWarov+YPgchU="
    },
    "node_modules/hl7.fhir.us.mcode": {
      "version": "2.1.0",
      "resolved": "https://packages.simplifier.net/hl7.fhir.us.mcode/2.1.0",
      "integrity": "sha1-LSfFYPhwGnho93NYqLbRZGrNZMU="
    },
    "node_modules/hl7.fhir.uv.bulkdata": {
      "version": "1.0.1",
      "resolved": "https://packages.simplifier.net/hl7.fhir.uv.bulkdata/1.0.1"
    },
    "node_modules/hl7.terminology.r4": {
      "version": "5.0.0",
      "resolved": "https://packages.simplifier.net/hl7.terminology.r4/5.0.0",
      "integrity": "sha1-RMsGANlIPTokEaAnOe3P286OksE="
    },
    "node_modules/us.nlm.vsac": {
      "version": "0.3.0",
      "resolved": "https://packages.simplifier.net/us.nlm.vsac/0.3.0",
      "integrity": "sha1-advHnLQ/QfSk+6tUcukuKcAyORA="
    }
  }
}
